// !$*UTF8*$!
{
	archiveVersion = 1;
	classes = {};
	objectVersion = 56;
	objects = {

/* Begin PBXBuildFile section */
		DE3B384466674750991F3D7D /* App.swift (macOS) */ = {isa = PBXBuildFile; fileRef = 0E5AA572F63A4FDD835BF8F7 /* App.swift */; };
		ADC942BDA0D14008A9B8E0A3 /* App.swift (iOS) */ = {isa = PBXBuildFile; fileRef = 0E5AA572F63A4FDD835BF8F7 /* App.swift */; };
		717E3B918D6B4590973E3F66 /* ServerManager.swift (macOS) */ = {isa = PBXBuildFile; fileRef = 42C02DE7B6F94C12A642D56D /* ServerManager.swift */; };
		2151C343941A41338FA81105 /* ServerManager.swift (iOS) */ = {isa = PBXBuildFile; fileRef = 42C02DE7B6F94C12A642D56D /* ServerManager.swift */; };
		92329C5EC2D446E4A8519515 /* APIClient.swift (macOS) */ = {isa = PBXBuildFile; fileRef = 693D7786D6F64B6DAC1C2B95 /* APIClient.swift */; };
		87EB25247AF74BEEA121A7AC /* APIClient.swift (iOS) */ = {isa = PBXBuildFile; fileRef = 693D7786D6F64B6DAC1C2B95 /* APIClient.swift */; };
		8DA6AE7878034B66B4A8444D /* AnalysisResult.swift (macOS) */ = {isa = PBXBuildFile; fileRef = D5A9852C2E5A4B7C90C1A156 /* AnalysisResult.swift */; };
		CBA1C5539A1E4731B261577C /* AnalysisResult.swift (iOS) */ = {isa = PBXBuildFile; fileRef = D5A9852C2E5A4B7C90C1A156 /* AnalysisResult.swift */; };
		D9420C4FC6064A0DB016C08A /* ServerConfig.swift (macOS) */ = {isa = PBXBuildFile; fileRef = B7ACFE5C6B754EFAA66C45F1 /* ServerConfig.swift */; };
		EEFC4E2D59154A91A824B79B /* ServerConfig.swift (iOS) */ = {isa = PBXBuildFile; fileRef = B7ACFE5C6B754EFAA66C45F1 /* ServerConfig.swift */; };
		B6A5BD5D30D5474CBAF8650D /* ContentView.swift (macOS) */ = {isa = PBXBuildFile; fileRef = 77767B35081E4B72AF8E412A /* ContentView.swift */; };
		F6A79CBBBAB844C7BEF54629 /* ContentView.swift (iOS) */ = {isa = PBXBuildFile; fileRef = 77767B35081E4B72AF8E412A /* ContentView.swift */; };
		E54FF495DF004758A81A5F56 /* SheetMusicView.swift (macOS) */ = {isa = PBXBuildFile; fileRef = 4AD1046723EA4145B0769CBE /* SheetMusicView.swift */; };
		C1038BBF80D24F7A864D2933 /* SheetMusicView.swift (iOS) */ = {isa = PBXBuildFile; fileRef = 4AD1046723EA4145B0769CBE /* SheetMusicView.swift */; };
		8027326CE9F549DE84333819 /* AppIcon.icns (macOS) */ = {isa = PBXBuildFile; fileRef = BCC64E4007CC49ADABB8390E /* AppIcon.icns */; };
		FBE0461B10E14185AF62901D /* appicon_120.png (iOS) */ = {isa = PBXBuildFile; fileRef = 0253D4E311174C00927139F8 /* appicon_120.png */; };
		DA982217C29F4E1287367287 /* appicon_152.png (iOS) */ = {isa = PBXBuildFile; fileRef = 4D2E21BB357C4D6386F95B09 /* appicon_152.png */; };
		82DEA35BFA424AA9A9AF10B3 /* appicon_167.png (iOS) */ = {isa = PBXBuildFile; fileRef = 5F28894DC45A4F8AA3DAF905 /* appicon_167.png */; };
		CE0DEFEA07CA4574A40CF88D /* appicon_180.png (iOS) */ = {isa = PBXBuildFile; fileRef = 7C1C3787C12E4BAFBFC739D0 /* appicon_180.png */; };
/* End PBXBuildFile section */

/* Begin PBXFileReference section */
		42CEDDC16ED342D29A6936D4 /* DemoUpgrade.app (macOS) */ = {isa = PBXFileReference; explicitFileType = wrapper.application; includeInIndex = 0; path = DemoUpgrade.app; sourceTree = BUILT_PRODUCTS_DIR; };
		3A3CDF6100BE4FADAB874E24 /* DemoUpgrade.app (iOS) */ = {isa = PBXFileReference; explicitFileType = wrapper.application; includeInIndex = 0; path = DemoUpgrade.app; sourceTree = BUILT_PRODUCTS_DIR; };
		0E5AA572F63A4FDD835BF8F7 /* App.swift */ = {isa = PBXFileReference; lastKnownFileType = sourcecode.swift; path = "App.swift"; sourceTree = "<group>"; };
		42C02DE7B6F94C12A642D56D /* ServerManager.swift */ = {isa = PBXFileReference; lastKnownFileType = sourcecode.swift; path = "ServerManager.swift"; sourceTree = "<group>"; };
		693D7786D6F64B6DAC1C2B95 /* APIClient.swift */ = {isa = PBXFileReference; lastKnownFileType = sourcecode.swift; path = "APIClient.swift"; sourceTree = "<group>"; };
		D5A9852C2E5A4B7C90C1A156 /* AnalysisResult.swift */ = {isa = PBXFileReference; lastKnownFileType = sourcecode.swift; path = "AnalysisResult.swift"; sourceTree = "<group>"; };
		B7ACFE5C6B754EFAA66C45F1 /* ServerConfig.swift */ = {isa = PBXFileReference; lastKnownFileType = sourcecode.swift; path = "ServerConfig.swift"; sourceTree = "<group>"; };
		77767B35081E4B72AF8E412A /* ContentView.swift */ = {isa = PBXFileReference; lastKnownFileType = sourcecode.swift; path = "ContentView.swift"; sourceTree = "<group>"; };
		4AD1046723EA4145B0769CBE /* SheetMusicView.swift */ = {isa = PBXFileReference; lastKnownFileType = sourcecode.swift; path = "SheetMusicView.swift"; sourceTree = "<group>"; };
		BCC64E4007CC49ADABB8390E /* AppIcon.icns */ = {isa = PBXFileReference; lastKnownFileType = image.icns; path = AppIcon.icns; sourceTree = "<group>"; };
		0253D4E311174C00927139F8 /* appicon_120.png */ = {isa = PBXFileReference; lastKnownFileType = image.png; path = appicon_120.png; sourceTree = "<group>"; };
		4D2E21BB357C4D6386F95B09 /* appicon_152.png */ = {isa = PBXFileReference; lastKnownFileType = image.png; path = appicon_152.png; sourceTree = "<group>"; };
		5F28894DC45A4F8AA3DAF905 /* appicon_167.png */ = {isa = PBXFileReference; lastKnownFileType = image.png; path = appicon_167.png; sourceTree = "<group>"; };
		7C1C3787C12E4BAFBFC739D0 /* appicon_180.png */ = {isa = PBXFileReference; lastKnownFileType = image.png; path = appicon_180.png; sourceTree = "<group>"; };
		ECEE743A75A3400E9E1C3670 /* macOS-Info.plist */ = {isa = PBXFileReference; lastKnownFileType = text.plist.xml; path = macOS-Info.plist; sourceTree = "<group>"; };
		EF2047FBD5F94F5BB4ED67B6 /* iOS-Info.plist */ = {isa = PBXFileReference; lastKnownFileType = text.plist.xml; path = iOS-Info.plist; sourceTree = "<group>"; };
/* End PBXFileReference section */

/* Begin PBXGroup section */
		60EBF3FCB17344758B1D2263 = {isa = PBXGroup; children = (
			0387390FBBE943EDA8455E71 /* Sources */,
			BCC64E4007CC49ADABB8390E /* AppIcon.icns */,
			0253D4E311174C00927139F8 /* appicon_120.png */,
			4D2E21BB357C4D6386F95B09 /* appicon_152.png */,
			5F28894DC45A4F8AA3DAF905 /* appicon_167.png */,
			7C1C3787C12E4BAFBFC739D0 /* appicon_180.png */,
			ECEE743A75A3400E9E1C3670 /* macOS-Info.plist */,
			EF2047FBD5F94F5BB4ED67B6 /* iOS-Info.plist */,
			C0B3E56E48384D6F930B679A /* Products */,
		); sourceTree = "<group>"; };
		0387390FBBE943EDA8455E71 = {isa = PBXGroup; children = (
			0E5AA572F63A4FDD835BF8F7 /* App.swift */,
			2DA467A86B064F93935D6D56 /* Models */,
			0F57E34D3A66464CB08C2220 /* Network */,
			2991B4AA8415448185403668 /* Views */,
		); path = Sources/DemoUpgrade; sourceTree = "<group>"; };
		2DA467A86B064F93935D6D56 = {isa = PBXGroup; children = (
			D5A9852C2E5A4B7C90C1A156 /* AnalysisResult.swift */,
			B7ACFE5C6B754EFAA66C45F1 /* ServerConfig.swift */,
		); path = Models; sourceTree = "<group>"; };
		0F57E34D3A66464CB08C2220 = {isa = PBXGroup; children = (
			42C02DE7B6F94C12A642D56D /* ServerManager.swift */,
			693D7786D6F64B6DAC1C2B95 /* APIClient.swift */,
		); path = Network; sourceTree = "<group>"; };
		2991B4AA8415448185403668 = {isa = PBXGroup; children = (
			77767B35081E4B72AF8E412A /* ContentView.swift */,
			4AD1046723EA4145B0769CBE /* SheetMusicView.swift */,
		); path = Views; sourceTree = "<group>"; };
		C0B3E56E48384D6F930B679A = {isa = PBXGroup; children = (42CEDDC16ED342D29A6936D4 /* macOS .app */, 3A3CDF6100BE4FADAB874E24 /* iOS .app */); name = Products; sourceTree = "<group>"; };
/* End PBXGroup section */

/* Begin PBXNativeTarget section */
		539F709AEEBE46B8BB656351 /* DemoUpgrade-macOS */ = {isa = PBXNativeTarget; buildConfigurationList = 01BE0720F5E94CD091169A4F; buildPhases = (9EC529BEA9334D399C4C4C94 /* Sources */, 0428A969651C46399CBB973C /* Resources */); buildRules = (); dependencies = (); name = DemoUpgrade-macOS; productName = DemoUpgrade; productReference = 42CEDDC16ED342D29A6936D4; productType = "com.apple.product-type.application"; };
		F55FC75453FA4101B6D53100 /* DemoUpgrade-iOS */ = {isa = PBXNativeTarget; buildConfigurationList = 8470C12B9B674BCBB1D3E9DB; buildPhases = (DBDFB28DBD694DC6838A8E35 /* Sources */, B54FE482A49D421CBE9D6E38 /* Resources */); buildRules = (); dependencies = (); name = DemoUpgrade-iOS; productName = DemoUpgrade; productReference = 3A3CDF6100BE4FADAB874E24; productType = "com.apple.product-type.application"; };
/* End PBXNativeTarget section */

/* Begin PBXProject section */
		4CDB007792404302A0A7AB64 /* Project */ = {isa = PBXProject; attributes = { BuildIndependentTargetsInParallel = 1; LastSwiftUpdateCheck = 1600; }; buildConfigurationList = E125A23DEAB44BB2B7C8366C; compatibilityVersion = "Xcode 14.0"; developmentRegion = "zh-Hans"; hasScannedForEncodings = 0; knownRegions = (en, Base, "zh-Hans"); mainGroup = 60EBF3FCB17344758B1D2263; productRefGroup = C0B3E56E48384D6F930B679A; projectDirPath = ""; projectRoot = ""; targets = (539F709AEEBE46B8BB656351, F55FC75453FA4101B6D53100); };
/* End PBXProject section */

/* Begin PBXSourcesBuildPhase section */
		9EC529BEA9334D399C4C4C94 /* Sources */ = {isa = PBXSourcesBuildPhase; buildActionMask = 2147483647; files = (
			DE3B384466674750991F3D7D /* App.swift */,
			717E3B918D6B4590973E3F66 /* ServerManager.swift */,
			92329C5EC2D446E4A8519515 /* APIClient.swift */,
			8DA6AE7878034B66B4A8444D /* AnalysisResult.swift */,
			D9420C4FC6064A0DB016C08A /* ServerConfig.swift */,
			B6A5BD5D30D5474CBAF8650D /* ContentView.swift */,
			E54FF495DF004758A81A5F56 /* SheetMusicView.swift */,
		); runOnlyForDeploymentPostprocessing = 0; };
		DBDFB28DBD694DC6838A8E35 /* Sources */ = {isa = PBXSourcesBuildPhase; buildActionMask = 2147483647; files = (
			ADC942BDA0D14008A9B8E0A3 /* App.swift */,
			2151C343941A41338FA81105 /* ServerManager.swift */,
			87EB25247AF74BEEA121A7AC /* APIClient.swift */,
			CBA1C5539A1E4731B261577C /* AnalysisResult.swift */,
			EEFC4E2D59154A91A824B79B /* ServerConfig.swift */,
			F6A79CBBBAB844C7BEF54629 /* ContentView.swift */,
			C1038BBF80D24F7A864D2933 /* SheetMusicView.swift */,
		); runOnlyForDeploymentPostprocessing = 0; };
/* End PBXSourcesBuildPhase section */

/* Begin PBXResourcesBuildPhase section */
		0428A969651C46399CBB973C /* Resources (macOS) */ = {isa = PBXResourcesBuildPhase; buildActionMask = 2147483647; files = (8027326CE9F549DE84333819 /* AppIcon.icns */); runOnlyForDeploymentPostprocessing = 0; };
		B54FE482A49D421CBE9D6E38 /* Resources (iOS) */ = {isa = PBXResourcesBuildPhase; buildActionMask = 2147483647; files = (FBE0461B10E14185AF62901D, DA982217C29F4E1287367287, 82DEA35BFA424AA9A9AF10B3, CE0DEFEA07CA4574A40CF88D); runOnlyForDeploymentPostprocessing = 0; };
/* End PBXResourcesBuildPhase section */

/* Begin XCBuildConfiguration section */
		18DBFC4B4BED410187140B82 /* Debug */ = {isa = XCBuildConfiguration; buildSettings = {
			ALWAYS_SEARCH_USER_PATHS = NO;
			CLANG_ENABLE_MODULES = YES;
			SWIFT_VERSION = 5.0;
			ENABLE_USER_SCRIPT_SANDBOXING = NO;
			DEBUG_INFORMATION_FORMAT = dwarf;
			ENABLE_TESTABILITY = YES;
			GCC_OPTIMIZATION_LEVEL = 0;
			SWIFT_OPTIMIZATION_LEVEL = "-Onone";
			SWIFT_ACTIVE_COMPILATION_CONDITIONS = DEBUG;
			MTL_ENABLE_DEBUG_INFO = INCLUDE_SOURCE;
			ONLY_ACTIVE_ARCH = YES;
		}; name = Debug; };
		DA02FBD455724F1E9F667482 /* Release */ = {isa = XCBuildConfiguration; buildSettings = {
			ALWAYS_SEARCH_USER_PATHS = NO;
			CLANG_ENABLE_MODULES = YES;
			SWIFT_VERSION = 5.0;
			ENABLE_USER_SCRIPT_SANDBOXING = NO;
			DEBUG_INFORMATION_FORMAT = "dwarf-with-dsym";
			GCC_OPTIMIZATION_LEVEL = s;
			SWIFT_OPTIMIZATION_LEVEL = "-O";
			MTL_ENABLE_DEBUG_INFO = NO;
		}; name = Release; };
		F14A4FFAFA4142DDB6119521 /* Debug */ = {isa = XCBuildConfiguration; buildSettings = {
			CODE_SIGN_STYLE = Automatic;
			DEVELOPMENT_TEAM = 8WFH238U2W;
			CURRENT_PROJECT_VERSION = 1;
			MARKETING_VERSION = 1.0;
			PRODUCT_BUNDLE_IDENTIFIER = com.chenhongzhou.demoupgrade;
			PRODUCT_NAME = DemoUpgrade;
			MACOSX_DEPLOYMENT_TARGET = 14.0;
			GENERATE_INFOPLIST_FILE = NO;
			INFOPLIST_FILE = macOS-Info.plist;
			SDKROOT = macosx;
			SUPPORTED_PLATFORMS = macosx;
			SWIFT_VERSION = 5.0;
			ALWAYS_SEARCH_USER_PATHS = NO;
			CLANG_ENABLE_MODULES = YES;
			ENABLE_USER_SCRIPT_SANDBOXING = NO;
			DEBUG_INFORMATION_FORMAT = dwarf;
			ENABLE_TESTABILITY = YES;
			GCC_OPTIMIZATION_LEVEL = 0;
			SWIFT_OPTIMIZATION_LEVEL = "-Onone";
			SWIFT_ACTIVE_COMPILATION_CONDITIONS = DEBUG;
			MTL_ENABLE_DEBUG_INFO = INCLUDE_SOURCE;
			ONLY_ACTIVE_ARCH = YES;
		}; name = Debug; };
		1016BF5BBE3D4A1C8DEF53CF /* Release */ = {isa = XCBuildConfiguration; buildSettings = {
			CODE_SIGN_STYLE = Automatic;
			DEVELOPMENT_TEAM = 8WFH238U2W;
			CURRENT_PROJECT_VERSION = 1;
			MARKETING_VERSION = 1.0;
			PRODUCT_BUNDLE_IDENTIFIER = com.chenhongzhou.demoupgrade;
			PRODUCT_NAME = DemoUpgrade;
			MACOSX_DEPLOYMENT_TARGET = 14.0;
			GENERATE_INFOPLIST_FILE = NO;
			INFOPLIST_FILE = macOS-Info.plist;
			SDKROOT = macosx;
			SUPPORTED_PLATFORMS = macosx;
			SWIFT_VERSION = 5.0;
			ALWAYS_SEARCH_USER_PATHS = NO;
			CLANG_ENABLE_MODULES = YES;
			ENABLE_USER_SCRIPT_SANDBOXING = NO;
			DEBUG_INFORMATION_FORMAT = "dwarf-with-dsym";
			GCC_OPTIMIZATION_LEVEL = s;
			SWIFT_OPTIMIZATION_LEVEL = "-O";
			MTL_ENABLE_DEBUG_INFO = NO;
			VALIDATE_PRODUCT = YES;
		}; name = Release; };
		24C1BD8356F244559044E267 /* Debug */ = {isa = XCBuildConfiguration; buildSettings = {
			CODE_SIGN_STYLE = Automatic;
			DEVELOPMENT_TEAM = 8WFH238U2W;
			CURRENT_PROJECT_VERSION = 1;
			MARKETING_VERSION = 1.0;
			PRODUCT_BUNDLE_IDENTIFIER = com.chenhongzhou.demoupgrade;
			PRODUCT_NAME = DemoUpgrade;
			IPHONEOS_DEPLOYMENT_TARGET = 16.0;
			TARGETED_DEVICE_FAMILY = "1,2";
			GENERATE_INFOPLIST_FILE = NO;
			INFOPLIST_FILE = iOS-Info.plist;
			SDKROOT = iphoneos;
			SUPPORTED_PLATFORMS = iphoneos;
			SWIFT_VERSION = 5.0;
			ALWAYS_SEARCH_USER_PATHS = NO;
			CLANG_ENABLE_MODULES = YES;
			ENABLE_USER_SCRIPT_SANDBOXING = NO;
			DEBUG_INFORMATION_FORMAT = dwarf;
			ENABLE_TESTABILITY = YES;
			GCC_OPTIMIZATION_LEVEL = 0;
			SWIFT_OPTIMIZATION_LEVEL = "-Onone";
			SWIFT_ACTIVE_COMPILATION_CONDITIONS = DEBUG;
			MTL_ENABLE_DEBUG_INFO = INCLUDE_SOURCE;
			ONLY_ACTIVE_ARCH = YES;
		}; name = Debug; };
		A5186C8A935446AA81E8202F /* Release */ = {isa = XCBuildConfiguration; buildSettings = {
			CODE_SIGN_STYLE = Automatic;
			DEVELOPMENT_TEAM = 8WFH238U2W;
			CURRENT_PROJECT_VERSION = 1;
			MARKETING_VERSION = 1.0;
			PRODUCT_BUNDLE_IDENTIFIER = com.chenhongzhou.demoupgrade;
			PRODUCT_NAME = DemoUpgrade;
			IPHONEOS_DEPLOYMENT_TARGET = 16.0;
			TARGETED_DEVICE_FAMILY = "1,2";
			GENERATE_INFOPLIST_FILE = NO;
			INFOPLIST_FILE = iOS-Info.plist;
			SDKROOT = iphoneos;
			SUPPORTED_PLATFORMS = iphoneos;
			SWIFT_VERSION = 5.0;
			ALWAYS_SEARCH_USER_PATHS = NO;
			CLANG_ENABLE_MODULES = YES;
			ENABLE_USER_SCRIPT_SANDBOXING = NO;
			DEBUG_INFORMATION_FORMAT = "dwarf-with-dsym";
			GCC_OPTIMIZATION_LEVEL = s;
			SWIFT_OPTIMIZATION_LEVEL = "-O";
			MTL_ENABLE_DEBUG_INFO = NO;
			VALIDATE_PRODUCT = YES;
		}; name = Release; };
/* End XCBuildConfiguration section */

/* Begin XCConfigurationList section */
		E125A23DEAB44BB2B7C8366C = {isa = XCConfigurationList; buildConfigurations = (18DBFC4B4BED410187140B82, DA02FBD455724F1E9F667482); defaultConfigurationIsVisible = 0; defaultConfigurationName = Release; };
		01BE0720F5E94CD091169A4F = {isa = XCConfigurationList; buildConfigurations = (F14A4FFAFA4142DDB6119521, 1016BF5BBE3D4A1C8DEF53CF); defaultConfigurationIsVisible = 0; defaultConfigurationName = Release; };
		8470C12B9B674BCBB1D3E9DB = {isa = XCConfigurationList; buildConfigurations = (24C1BD8356F244559044E267, A5186C8A935446AA81E8202F); defaultConfigurationIsVisible = 0; defaultConfigurationName = Release; };
/* End XCConfigurationList section */
	}; rootObject = 4CDB007792404302A0A7AB64 /* Project object */; }
